// !$*UTF8*$!
{
	archiveVersion = 1;
	classes = {
	};
	objectVersion = 51;
	objects = {

/* Begin PBXBuildFile section */
		313132B222B9AA5700ACD7FC /* APIClient.swift in Sources */ = {isa = PBXBuildFile; fileRef = 313132B122B9AA5700ACD7FC /* APIClient.swift */; };
		313132B422BC02A300ACD7FC /* GroupsViewController.swift in Sources */ = {isa = PBXBuildFile; fileRef = 313132B322BC02A300ACD7FC /* GroupsViewController.swift */; };
		316542F722B9A82D0017F7E5 /* AppDelegate.swift in Sources */ = {isa = PBXBuildFile; fileRef = 316542F622B9A82D0017F7E5 /* AppDelegate.swift */; };
		316542F922B9A82D0017F7E5 /* ViewController.swift in Sources */ = {isa = PBXBuildFile; fileRef = 316542F822B9A82D0017F7E5 /* ViewController.swift */; };
		316542FC22B9A82D0017F7E5 /* Main.storyboard in Resources */ = {isa = PBXBuildFile; fileRef = 316542FA22B9A82D0017F7E5 /* Main.storyboard */; };
		316542FE22B9A82E0017F7E5 /* Assets.xcassets in Resources */ = {isa = PBXBuildFile; fileRef = 316542FD22B9A82E0017F7E5 /* Assets.xcassets */; };
		3165430C22B9A82E0017F7E5 /* Locations_ClientTests.swift in Sources */ = {isa = PBXBuildFile; fileRef = 3165430B22B9A82E0017F7E5 /* Locations_ClientTests.swift */; };
		3165431722B9A82E0017F7E5 /* Locations_ClientUITests.swift in Sources */ = {isa = PBXBuildFile; fileRef = 3165431622B9A82E0017F7E5 /* Locations_ClientUITests.swift */; };
		31E579FA22D40D7100F94126 /* MapKit.framework in Frameworks */ = {isa = PBXBuildFile; fileRef = 31E579F922D40D7100F94126 /* MapKit.framework */; };
		31E579FC22DE603200F94126 /* DetailViewController.swift in Sources */ = {isa = PBXBuildFile; fileRef = 31E579FB22DE603200F94126 /* DetailViewController.swift */; };
		59791A9D3B9D4A8732D5F328 /* Pods_Locations_ClientTests.framework in Frameworks */ = {isa = PBXBuildFile; fileRef = 5FBEFD9046219C38370C744B /* Pods_Locations_ClientTests.framework */; };
		81780952BC21AC8274F1268F /* Pods_Locations_Client.framework in Frameworks */ = {isa = PBXBuildFile; fileRef = 951D4BB835FE4B79980665BB /* Pods_Locations_Client.framework */; };
		FE5EBE1856CC562F977091E5 /* Pods_Locations_ClientUITests.framework in Frameworks */ = {isa = PBXBuildFile; fileRef = E2DA0E7A5C9BB8D0B165CD29 /* Pods_Locations_ClientUITests.framework */; };
/* End PBXBuildFile section */

/* Begin PBXContainerItemProxy section */
		3165430822B9A82E0017F7E5 /* PBXContainerItemProxy */ = {
			isa = PBXContainerItemProxy;
			containerPortal = 316542EB22B9A82D0017F7E5 /* Project object */;
			proxyType = 1;
			remoteGlobalIDString = 316542F222B9A82D0017F7E5;
			remoteInfo = "Locations Client";
		};
		3165431322B9A82E0017F7E5 /* PBXContainerItemProxy */ = {
			isa = PBXContainerItemProxy;
			containerPortal = 316542EB22B9A82D0017F7E5 /* Project object */;
			proxyType = 1;
			remoteGlobalIDString = 316542F222B9A82D0017F7E5;
			remoteInfo = "Locations Client";
		};
/* End PBXContainerItemProxy section */

/* Begin PBXFileReference section */
		164F144A524CFF081EA13C7D /* Pods-Locations ClientUITests.debug.xcconfig */ = {isa = PBXFileReference; includeInIndex = 1; lastKnownFileType = text.xcconfig; name = "Pods-Locations ClientUITests.debug.xcconfig"; path = "Target Support Files/Pods-Locations ClientUITests/Pods-Locations ClientUITests.debug.xcconfig"; sourceTree = "<group>"; };
		313132B122B9AA5700ACD7FC /* APIClient.swift */ = {isa = PBXFileReference; lastKnownFileType = sourcecode.swift; path = APIClient.swift; sourceTree = "<group>"; };
		313132B322BC02A300ACD7FC /* GroupsViewController.swift */ = {isa = PBXFileReference; lastKnownFileType = sourcecode.swift; path = GroupsViewController.swift; sourceTree = "<group>"; };
		316542F322B9A82D0017F7E5 /* Locations Client.app */ = {isa = PBXFileReference; explicitFileType = wrapper.application; includeInIndex = 0; path = "Locations Client.app"; sourceTree = BUILT_PRODUCTS_DIR; };
		316542F622B9A82D0017F7E5 /* AppDelegate.swift */ = {isa = PBXFileReference; lastKnownFileType = sourcecode.swift; path = AppDelegate.swift; sourceTree = "<group>"; };
		316542F822B9A82D0017F7E5 /* ViewController.swift */ = {isa = PBXFileReference; lastKnownFileType = sourcecode.swift; path = ViewController.swift; sourceTree = "<group>"; };
		316542FB22B9A82D0017F7E5 /* Base */ = {isa = PBXFileReference; lastKnownFileType = file.storyboard; name = Base; path = Base.lproj/Main.storyboard; sourceTree = "<group>"; };
		316542FD22B9A82E0017F7E5 /* Assets.xcassets */ = {isa = PBXFileReference; lastKnownFileType = folder.assetcatalog; path = Assets.xcassets; sourceTree = "<group>"; };
		3165430222B9A82E0017F7E5 /* Info.plist */ = {isa = PBXFileReference; lastKnownFileType = text.plist.xml; path = Info.plist; sourceTree = "<group>"; };
		3165430722B9A82E0017F7E5 /* Locations ClientTests.xctest */ = {isa = PBXFileReference; explicitFileType = wrapper.cfbundle; includeInIndex = 0; path = "Locations ClientTests.xctest"; sourceTree = BUILT_PRODUCTS_DIR; };
		3165430B22B9A82E0017F7E5 /* Locations_ClientTests.swift */ = {isa = PBXFileReference; lastKnownFileType = sourcecode.swift; path = Locations_ClientTests.swift; sourceTree = "<group>"; };
		3165430D22B9A82E0017F7E5 /* Info.plist */ = {isa = PBXFileReference; lastKnownFileType = text.plist.xml; path = Info.plist; sourceTree = "<group>"; };
		3165431222B9A82E0017F7E5 /* Locations ClientUITests.xctest */ = {isa = PBXFileReference; explicitFileType = wrapper.cfbundle; includeInIndex = 0; path = "Locations ClientUITests.xctest"; sourceTree = BUILT_PRODUCTS_DIR; };
		3165431622B9A82E0017F7E5 /* Locations_ClientUITests.swift */ = {isa = PBXFileReference; lastKnownFileType = sourcecode.swift; path = Locations_ClientUITests.swift; sourceTree = "<group>"; };
		3165431822B9A82E0017F7E5 /* Info.plist */ = {isa = PBXFileReference; lastKnownFileType = text.plist.xml; path = Info.plist; sourceTree = "<group>"; };
		31E579F922D40D7100F94126 /* MapKit.framework */ = {isa = PBXFileReference; lastKnownFileType = wrapper.framework; name = MapKit.framework; path = System/Library/Frameworks/MapKit.framework; sourceTree = SDKROOT; };
		31E579FB22DE603200F94126 /* DetailViewController.swift */ = {isa = PBXFileReference; lastKnownFileType = sourcecode.swift; path = DetailViewController.swift; sourceTree = "<group>"; };
		5527BB96BCD79357A094C93B /* Pods-Locations ClientUITests.release.xcconfig */ = {isa = PBXFileReference; includeInIndex = 1; lastKnownFileType = text.xcconfig; name = "Pods-Locations ClientUITests.release.xcconfig"; path = "Target Support Files/Pods-Locations ClientUITests/Pods-Locations ClientUITests.release.xcconfig"; sourceTree = "<group>"; };
		5FBEFD9046219C38370C744B /* Pods_Locations_ClientTests.framework */ = {isa = PBXFileReference; explicitFileType = wrapper.framework; includeInIndex = 0; path = Pods_Locations_ClientTests.framework; sourceTree = BUILT_PRODUCTS_DIR; };
		951D4BB835FE4B79980665BB /* Pods_Locations_Client.framework */ = {isa = PBXFileReference; explicitFileType = wrapper.framework; includeInIndex = 0; path = Pods_Locations_Client.framework; sourceTree = BUILT_PRODUCTS_DIR; };
		AFB28FBC551B42DEE2AF392A /* Pods-Locations Client.debug.xcconfig */ = {isa = PBXFileReference; includeInIndex = 1; lastKnownFileType = text.xcconfig; name = "Pods-Locations Client.debug.xcconfig"; path = "Target Support Files/Pods-Locations Client/Pods-Locations Client.debug.xcconfig"; sourceTree = "<group>"; };
		B24BE2DEE5C584D2D3BF457F /* Pods-Locations Client.release.xcconfig */ = {isa = PBXFileReference; includeInIndex = 1; lastKnownFileType = text.xcconfig; name = "Pods-Locations Client.release.xcconfig"; path = "Target Support Files/Pods-Locations Client/Pods-Locations Client.release.xcconfig"; sourceTree = "<group>"; };
		C74E76D579CC7A04A493DBC2 /* Pods-Locations ClientTests.debug.xcconfig */ = {isa = PBXFileReference; includeInIndex = 1; lastKnownFileType = text.xcconfig; name = "Pods-Locations ClientTests.debug.xcconfig"; path = "Target Support Files/Pods-Locations ClientTests/Pods-Locations ClientTests.debug.xcconfig"; sourceTree = "<group>"; };
		CA3079607A3D727D49EDACC2 /* Pods-Locations ClientTests.release.xcconfig */ = {isa = PBXFileReference; includeInIndex = 1; lastKnownFileType = text.xcconfig; name = "Pods-Locations ClientTests.release.xcconfig"; path = "Target Support Files/Pods-Locations ClientTests/Pods-Locations ClientTests.release.xcconfig"; sourceTree = "<group>"; };
		E2DA0E7A5C9BB8D0B165CD29 /* Pods_Locations_ClientUITests.framework */ = {isa = PBXFileReference; explicitFileType = wrapper.framework; includeInIndex = 0; path = Pods_Locations_ClientUITests.framework; sourceTree = BUILT_PRODUCTS_DIR; };
/* End PBXFileReference section */

/* Begin PBXFrameworksBuildPhase section */
		316542F022B9A82D0017F7E5 /* Frameworks */ = {
			isa = PBXFrameworksBuildPhase;
			buildActionMask = 2147483647;
			files = (
				31E579FA22D40D7100F94126 /* MapKit.framework in Frameworks */,
				81780952BC21AC8274F1268F /* Pods_Locations_Client.framework in Frameworks */,
			);
			runOnlyForDeploymentPostprocessing = 0;
		};
		3165430422B9A82E0017F7E5 /* Frameworks */ = {
			isa = PBXFrameworksBuildPhase;
			buildActionMask = 2147483647;
			files = (
				59791A9D3B9D4A8732D5F328 /* Pods_Locations_ClientTests.framework in Frameworks */,
			);
			runOnlyForDeploymentPostprocessing = 0;
		};
		3165430F22B9A82E0017F7E5 /* Frameworks */ = {
			isa = PBXFrameworksBuildPhase;
			buildActionMask = 2147483647;
			files = (
				FE5EBE1856CC562F977091E5 /* Pods_Locations_ClientUITests.framework in Frameworks */,
			);
			runOnlyForDeploymentPostprocessing = 0;
		};
/* End PBXFrameworksBuildPhase section */

/* Begin PBXGroup section */
		316542EA22B9A82D0017F7E5 = {
			isa = PBXGroup;
			children = (
				316542F522B9A82D0017F7E5 /* Locations Client */,
				3165430A22B9A82E0017F7E5 /* Locations ClientTests */,
				3165431522B9A82E0017F7E5 /* Locations ClientUITests */,
				316542F422B9A82D0017F7E5 /* Products */,
				80542EF91B8005E0B3E91DA4 /* Pods */,
				E9DFBACB907544B4D6C4BE78 /* Frameworks */,
			);
			sourceTree = "<group>";
		};
		316542F422B9A82D0017F7E5 /* Products */ = {
			isa = PBXGroup;
			children = (
				316542F322B9A82D0017F7E5 /* Locations Client.app */,
				3165430722B9A82E0017F7E5 /* Locations ClientTests.xctest */,
				3165431222B9A82E0017F7E5 /* Locations ClientUITests.xctest */,
			);
			name = Products;
			sourceTree = "<group>";
		};
		316542F522B9A82D0017F7E5 /* Locations Client */ = {
			isa = PBXGroup;
			children = (
				316542F622B9A82D0017F7E5 /* AppDelegate.swift */,
				316542F822B9A82D0017F7E5 /* ViewController.swift */,
				313132B122B9AA5700ACD7FC /* APIClient.swift */,
				316542FA22B9A82D0017F7E5 /* Main.storyboard */,
				316542FD22B9A82E0017F7E5 /* Assets.xcassets */,
				3165430222B9A82E0017F7E5 /* Info.plist */,
				313132B322BC02A300ACD7FC /* GroupsViewController.swift */,
				31E579FB22DE603200F94126 /* DetailViewController.swift */,
			);
			path = "Locations Client";
			sourceTree = "<group>";
		};
		3165430A22B9A82E0017F7E5 /* Locations ClientTests */ = {
			isa = PBXGroup;
			children = (
				3165430B22B9A82E0017F7E5 /* Locations_ClientTests.swift */,
				3165430D22B9A82E0017F7E5 /* Info.plist */,
			);
			path = "Locations ClientTests";
			sourceTree = "<group>";
		};
		3165431522B9A82E0017F7E5 /* Locations ClientUITests */ = {
			isa = PBXGroup;
			children = (
				3165431622B9A82E0017F7E5 /* Locations_ClientUITests.swift */,
				3165431822B9A82E0017F7E5 /* Info.plist */,
			);
			path = "Locations ClientUITests";
			sourceTree = "<group>";
		};
		80542EF91B8005E0B3E91DA4 /* Pods */ = {
			isa = PBXGroup;
			children = (
				AFB28FBC551B42DEE2AF392A /* Pods-Locations Client.debug.xcconfig */,
				B24BE2DEE5C584D2D3BF457F /* Pods-Locations Client.release.xcconfig */,
				C74E76D579CC7A04A493DBC2 /* Pods-Locations ClientTests.debug.xcconfig */,
				CA3079607A3D727D49EDACC2 /* Pods-Locations ClientTests.release.xcconfig */,
				164F144A524CFF081EA13C7D /* Pods-Locations ClientUITests.debug.xcconfig */,
				5527BB96BCD79357A094C93B /* Pods-Locations ClientUITests.release.xcconfig */,
			);
			path = Pods;
			sourceTree = "<group>";
		};
		E9DFBACB907544B4D6C4BE78 /* Frameworks */ = {
			isa = PBXGroup;
			children = (
				31E579F922D40D7100F94126 /* MapKit.framework */,
				951D4BB835FE4B79980665BB /* Pods_Locations_Client.framework */,
				5FBEFD9046219C38370C744B /* Pods_Locations_ClientTests.framework */,
				E2DA0E7A5C9BB8D0B165CD29 /* Pods_Locations_ClientUITests.framework */,
			);
			name = Frameworks;
			sourceTree = "<group>";
		};
/* End PBXGroup section */

/* Begin PBXNativeTarget section */
		316542F222B9A82D0017F7E5 /* Locations Client */ = {
			isa = PBXNativeTarget;
			buildConfigurationList = 3165431B22B9A82E0017F7E5 /* Build configuration list for PBXNativeTarget "Locations Client" */;
			buildPhases = (
				C6F28A9704D08D08FB3D43BA /* [CP] Check Pods Manifest.lock */,
				316542EF22B9A82D0017F7E5 /* Sources */,
				316542F022B9A82D0017F7E5 /* Frameworks */,
				316542F122B9A82D0017F7E5 /* Resources */,
				7D2413F922D8DCB6DD809841 /* [CP] Embed Pods Frameworks */,
			);
			buildRules = (
			);
			dependencies = (
			);
			name = "Locations Client";
			productName = "Locations Client";
			productReference = 316542F322B9A82D0017F7E5 /* Locations Client.app */;
			productType = "com.apple.product-type.application";
		};
		3165430622B9A82E0017F7E5 /* Locations ClientTests */ = {
			isa = PBXNativeTarget;
			buildConfigurationList = 3165431E22B9A82E0017F7E5 /* Build configuration list for PBXNativeTarget "Locations ClientTests" */;
			buildPhases = (
				EDFBB0C37A2D1AE866504D2B /* [CP] Check Pods Manifest.lock */,
				3165430322B9A82E0017F7E5 /* Sources */,
				3165430422B9A82E0017F7E5 /* Frameworks */,
				3165430522B9A82E0017F7E5 /* Resources */,
			);
			buildRules = (
			);
			dependencies = (
				3165430922B9A82E0017F7E5 /* PBXTargetDependency */,
			);
			name = "Locations ClientTests";
			productName = "Locations ClientTests";
			productReference = 3165430722B9A82E0017F7E5 /* Locations ClientTests.xctest */;
			productType = "com.apple.product-type.bundle.unit-test";
		};
		3165431122B9A82E0017F7E5 /* Locations ClientUITests */ = {
			isa = PBXNativeTarget;
			buildConfigurationList = 3165432122B9A82E0017F7E5 /* Build configuration list for PBXNativeTarget "Locations ClientUITests" */;
			buildPhases = (
				38097D7D5563230CA659782F /* [CP] Check Pods Manifest.lock */,
				3165430E22B9A82E0017F7E5 /* Sources */,
				3165430F22B9A82E0017F7E5 /* Frameworks */,
				3165431022B9A82E0017F7E5 /* Resources */,
			);
			buildRules = (
			);
			dependencies = (
				3165431422B9A82E0017F7E5 /* PBXTargetDependency */,
			);
			name = "Locations ClientUITests";
			productName = "Locations ClientUITests";
			productReference = 3165431222B9A82E0017F7E5 /* Locations ClientUITests.xctest */;
			productType = "com.apple.product-type.bundle.ui-testing";
		};
/* End PBXNativeTarget section */

/* Begin PBXProject section */
		316542EB22B9A82D0017F7E5 /* Project object */ = {
			isa = PBXProject;
			attributes = {
				LastSwiftUpdateCheck = 1020;
				LastUpgradeCheck = 1020;
				ORGANIZATIONNAME = premBhanderi;
				TargetAttributes = {
					316542F222B9A82D0017F7E5 = {
						CreatedOnToolsVersion = 10.2.1;
					};
					3165430622B9A82E0017F7E5 = {
						CreatedOnToolsVersion = 10.2.1;
						TestTargetID = 316542F222B9A82D0017F7E5;
					};
					3165431122B9A82E0017F7E5 = {
						CreatedOnToolsVersion = 10.2.1;
						TestTargetID = 316542F222B9A82D0017F7E5;
					};
				};
			};
			buildConfigurationList = 316542EE22B9A82D0017F7E5 /* Build configuration list for PBXProject "Locations Client" */;
			compatibilityVersion = "Xcode 9.3";
			developmentRegion = en;
			hasScannedForEncodings = 0;
			knownRegions = (
				en,
				Base,
			);
			mainGroup = 316542EA22B9A82D0017F7E5;
			productRefGroup = 316542F422B9A82D0017F7E5 /* Products */;
			projectDirPath = "";
			projectRoot = "";
			targets = (
				316542F222B9A82D0017F7E5 /* Locations Client */,
				3165430622B9A82E0017F7E5 /* Locations ClientTests */,
				3165431122B9A82E0017F7E5 /* Locations ClientUITests */,
			);
		};
/* End PBXProject section */

/* Begin PBXResourcesBuildPhase section */
		316542F122B9A82D0017F7E5 /* Resources */ = {
			isa = PBXResourcesBuildPhase;
			buildActionMask = 2147483647;
			files = (
				316542FE22B9A82E0017F7E5 /* Assets.xcassets in Resources */,
				316542FC22B9A82D0017F7E5 /* Main.storyboard in Resources */,
			);
			runOnlyForDeploymentPostprocessing = 0;
		};
		3165430522B9A82E0017F7E5 /* Resources */ = {
			isa = PBXResourcesBuildPhase;
			buildActionMask = 2147483647;
			files = (
			);
			runOnlyForDeploymentPostprocessing = 0;
		};
		3165431022B9A82E0017F7E5 /* Resources */ = {
			isa = PBXResourcesBuildPhase;
			buildActionMask = 2147483647;
			files = (
			);
			runOnlyForDeploymentPostprocessing = 0;
		};
/* End PBXResourcesBuildPhase section */

/* Begin PBXShellScriptBuildPhase section */
		38097D7D5563230CA659782F /* [CP] Check Pods Manifest.lock */ = {
			isa = PBXShellScriptBuildPhase;
			buildActionMask = 2147483647;
			files = (
			);
			inputFileListPaths = (
			);
			inputPaths = (
				"${PODS_PODFILE_DIR_PATH}/Podfile.lock",
				"${PODS_ROOT}/Manifest.lock",
			);
			name = "[CP] Check Pods Manifest.lock";
			outputFileListPaths = (
			);
			outputPaths = (
				"$(DERIVED_FILE_DIR)/Pods-Locations ClientUITests-checkManifestLockResult.txt",
			);
			runOnlyForDeploymentPostprocessing = 0;
			shellPath = /bin/sh;
			shellScript = "diff \"${PODS_PODFILE_DIR_PATH}/Podfile.lock\" \"${PODS_ROOT}/Manifest.lock\" > /dev/null\nif [ $? != 0 ] ; then\n    # print error to STDERR\n    echo \"error: The sandbox is not in sync with the Podfile.lock. Run 'pod install' or update your CocoaPods installation.\" >&2\n    exit 1\nfi\n# This output is used by Xcode 'outputs' to avoid re-running this script phase.\necho \"SUCCESS\" > \"${SCRIPT_OUTPUT_FILE_0}\"\n";
			showEnvVarsInLog = 0;
		};
		7D2413F922D8DCB6DD809841 /* [CP] Embed Pods Frameworks */ = {
			isa = PBXShellScriptBuildPhase;
			buildActionMask = 2147483647;
			files = (
			);
			inputFileListPaths = (
				"${PODS_ROOT}/Target Support Files/Pods-Locations Client/Pods-Locations Client-frameworks-${CONFIGURATION}-input-files.xcfilelist",
			);
			name = "[CP] Embed Pods Frameworks";
			outputFileListPaths = (
				"${PODS_ROOT}/Target Support Files/Pods-Locations Client/Pods-Locations Client-frameworks-${CONFIGURATION}-output-files.xcfilelist",
			);
			runOnlyForDeploymentPostprocessing = 0;
			shellPath = /bin/sh;
			shellScript = "\"${PODS_ROOT}/Target Support Files/Pods-Locations Client/Pods-Locations Client-frameworks.sh\"\n";
			showEnvVarsInLog = 0;
		};
		C6F28A9704D08D08FB3D43BA /* [CP] Check Pods Manifest.lock */ = {
			isa = PBXShellScriptBuildPhase;
			buildActionMask = 2147483647;
			files = (
			);
			inputFileListPaths = (
			);
			inputPaths = (
				"${PODS_PODFILE_DIR_PATH}/Podfile.lock",
				"${PODS_ROOT}/Manifest.lock",
			);
			name = "[CP] Check Pods Manifest.lock";
			outputFileListPaths = (
			);
			outputPaths = (
				"$(DERIVED_FILE_DIR)/Pods-Locations Client-checkManifestLockResult.txt",
			);
			runOnlyForDeploymentPostprocessing = 0;
			shellPath = /bin/sh;
			shellScript = "diff \"${PODS_PODFILE_DIR_PATH}/Podfile.lock\" \"${PODS_ROOT}/Manifest.lock\" > /dev/null\nif [ $? != 0 ] ; then\n    # print error to STDERR\n    echo \"error: The sandbox is not in sync with the Podfile.lock. Run 'pod install' or update your CocoaPods installation.\" >&2\n    exit 1\nfi\n# This output is used by Xcode 'outputs' to avoid re-running this script phase.\necho \"SUCCESS\" > \"${SCRIPT_OUTPUT_FILE_0}\"\n";
			showEnvVarsInLog = 0;
		};
		EDFBB0C37A2D1AE866504D2B /* [CP] Check Pods Manifest.lock */ = {
			isa = PBXShellScriptBuildPhase;
			buildActionMask = 2147483647;
			files = (
			);
			inputFileListPaths = (
			);
			inputPaths = (
				"${PODS_PODFILE_DIR_PATH}/Podfile.lock",
				"${PODS_ROOT}/Manifest.lock",
			);
			name = "[CP] Check Pods Manifest.lock";
			outputFileListPaths = (
			);
			outputPaths = (
				"$(DERIVED_FILE_DIR)/Pods-Locations ClientTests-checkManifestLockResult.txt",
			);
			runOnlyForDeploymentPostprocessing = 0;
			shellPath = /bin/sh;
			shellScript = "diff \"${PODS_PODFILE_DIR_PATH}/Podfile.lock\" \"${PODS_ROOT}/Manifest.lock\" > /dev/null\nif [ $? != 0 ] ; then\n    # print error to STDERR\n    echo \"error: The sandbox is not in sync with the Podfile.lock. Run 'pod install' or update your CocoaPods installation.\" >&2\n    exit 1\nfi\n# This output is used by Xcode 'outputs' to avoid re-running this script phase.\necho \"SUCCESS\" > \"${SCRIPT_OUTPUT_FILE_0}\"\n";
			showEnvVarsInLog = 0;
		};
/* End PBXShellScriptBuildPhase section */

/* Begin PBXSourcesBuildPhase section */
		316542EF22B9A82D0017F7E5 /* Sources */ = {
			isa = PBXSourcesBuildPhase;
			buildActionMask = 2147483647;
			files = (
				313132B422BC02A300ACD7FC /* GroupsViewController.swift in Sources */,
				316542F922B9A82D0017F7E5 /* ViewController.swift in Sources */,
				31E579FC22DE603200F94126 /* DetailViewController.swift in Sources */,
				316542F722B9A82D0017F7E5 /* AppDelegate.swift in Sources */,
				313132B222B9AA5700ACD7FC /* APIClient.swift in Sources */,
			);
			runOnlyForDeploymentPostprocessing = 0;
		};
		3165430322B9A82E0017F7E5 /* Sources */ = {
			isa = PBXSourcesBuildPhase;
			buildActionMask = 2147483647;
			files = (
				3165430C22B9A82E0017F7E5 /* Locations_ClientTests.swift in Sources */,
			);
			runOnlyForDeploymentPostprocessing = 0;
		};
		3165430E22B9A82E0017F7E5 /* Sources */ = {
			isa = PBXSourcesBuildPhase;
			buildActionMask = 2147483647;
			files = (
				3165431722B9A82E0017F7E5 /* Locations_ClientUITests.swift in Sources */,
			);
			runOnlyForDeploymentPostprocessing = 0;
		};
/* End PBXSourcesBuildPhase section */

/* Begin PBXTargetDependency section */
		3165430922B9A82E0017F7E5 /* PBXTargetDependency */ = {
			isa = PBXTargetDependency;
			target = 316542F222B9A82D0017F7E5 /* Locations Client */;
			targetProxy = 3165430822B9A82E0017F7E5 /* PBXContainerItemProxy */;
		};
		3165431422B9A82E0017F7E5 /* PBXTargetDependency */ = {
			isa = PBXTargetDependency;
			target = 316542F222B9A82D0017F7E5 /* Locations Client */;
			targetProxy = 3165431322B9A82E0017F7E5 /* PBXContainerItemProxy */;
		};
/* End PBXTargetDependency section */

/* Begin PBXVariantGroup section */
		316542FA22B9A82D0017F7E5 /* Main.storyboard */ = {
			isa = PBXVariantGroup;
			children = (
				316542FB22B9A82D0017F7E5 /* Base */,
			);
			name = Main.storyboard;
			sourceTree = "<group>";
		};
/* End PBXVariantGroup section */

/* Begin XCBuildConfiguration section */
		3165431922B9A82E0017F7E5 /* Debug */ = {
			isa = XCBuildConfiguration;
			buildSettings = {
				ALWAYS_SEARCH_USER_PATHS = NO;
				CLANG_ANALYZER_NONNULL = YES;
				CLANG_ANALYZER_NUMBER_OBJECT_CONVERSION = YES_AGGRESSIVE;
				CLANG_CXX_LANGUAGE_STANDARD = "gnu++14";
				CLANG_CXX_LIBRARY = "libc++";
				CLANG_ENABLE_MODULES = YES;
				CLANG_ENABLE_OBJC_ARC = YES;
				CLANG_ENABLE_OBJC_WEAK = YES;
				CLANG_WARN_BLOCK_CAPTURE_AUTORELEASING = YES;
				CLANG_WARN_BOOL_CONVERSION = YES;
				CLANG_WARN_COMMA = YES;
				CLANG_WARN_CONSTANT_CONVERSION = YES;
				CLANG_WARN_DEPRECATED_OBJC_IMPLEMENTATIONS = YES;
				CLANG_WARN_DIRECT_OBJC_ISA_USAGE = YES_ERROR;
				CLANG_WARN_DOCUMENTATION_COMMENTS = YES;
				CLANG_WARN_EMPTY_BODY = YES;
				CLANG_WARN_ENUM_CONVERSION = YES;
				CLANG_WARN_INFINITE_RECURSION = YES;
				CLANG_WARN_INT_CONVERSION = YES;
				CLANG_WARN_NON_LITERAL_NULL_CONVERSION = YES;
				CLANG_WARN_OBJC_IMPLICIT_RETAIN_SELF = YES;
				CLANG_WARN_OBJC_LITERAL_CONVERSION = YES;
				CLANG_WARN_OBJC_ROOT_CLASS = YES_ERROR;
				CLANG_WARN_RANGE_LOOP_ANALYSIS = YES;
				CLANG_WARN_STRICT_PROTOTYPES = YES;
				CLANG_WARN_SUSPICIOUS_MOVE = YES;
				CLANG_WARN_UNGUARDED_AVAILABILITY = YES_AGGRESSIVE;
				CLANG_WARN_UNREACHABLE_CODE = YES;
				CLANG_WARN__DUPLICATE_METHOD_MATCH = YES;
				CODE_SIGN_IDENTITY = "iPhone Developer";
				COPY_PHASE_STRIP = NO;
				DEBUG_INFORMATION_FORMAT = dwarf;
				ENABLE_STRICT_OBJC_MSGSEND = YES;
				ENABLE_TESTABILITY = YES;
				GCC_C_LANGUAGE_STANDARD = gnu11;
				GCC_DYNAMIC_NO_PIC = NO;
				GCC_NO_COMMON_BLOCKS = YES;
				GCC_OPTIMIZATION_LEVEL = 0;
				GCC_PREPROCESSOR_DEFINITIONS = (
					"DEBUG=1",
					"$(inherited)",
				);
				GCC_WARN_64_TO_32_BIT_CONVERSION = YES;
				GCC_WARN_ABOUT_RETURN_TYPE = YES_ERROR;
				GCC_WARN_UNDECLARED_SELECTOR = YES;
				GCC_WARN_UNINITIALIZED_AUTOS = YES_AGGRESSIVE;
				GCC_WARN_UNUSED_FUNCTION = YES;
				GCC_WARN_UNUSED_VARIABLE = YES;
				IPHONEOS_DEPLOYMENT_TARGET = 12.2;
				MTL_ENABLE_DEBUG_INFO = INCLUDE_SOURCE;
				MTL_FAST_MATH = YES;
				ONLY_ACTIVE_ARCH = YES;
				SDKROOT = iphoneos;
				SWIFT_ACTIVE_COMPILATION_CONDITIONS = DEBUG;
				SWIFT_OPTIMIZATION_LEVEL = "-Onone";
			};
			name = Debug;
		};
		3165431A22B9A82E0017F7E5 /* Release */ = {
			isa = XCBuildConfiguration;
			buildSettings = {
				ALWAYS_SEARCH_USER_PATHS = NO;
				CLANG_ANALYZER_NONNULL = YES;
				CLANG_ANALYZER_NUMBER_OBJECT_CONVERSION = YES_AGGRESSIVE;
				CLANG_CXX_LANGUAGE_STANDARD = "gnu++14";
				CLANG_CXX_LIBRARY = "libc++";
				CLANG_ENABLE_MODULES = YES;
				CLANG_ENABLE_OBJC_ARC = YES;
				CLANG_ENABLE_OBJC_WEAK = YES;
				CLANG_WARN_BLOCK_CAPTURE_AUTORELEASING = YES;
				CLANG_WARN_BOOL_CONVERSION = YES;
				CLANG_WARN_COMMA = YES;
				CLANG_WARN_CONSTANT_CONVERSION = YES;
				CLANG_WARN_DEPRECATED_OBJC_IMPLEMENTATIONS = YES;
				CLANG_WARN_DIRECT_OBJC_ISA_USAGE = YES_ERROR;
				CLANG_WARN_DOCUMENTATION_COMMENTS = YES;
				CLANG_WARN_EMPTY_BODY = YES;
				CLANG_WARN_ENUM_CONVERSION = YES;
				CLANG_WARN_INFINITE_RECURSION = YES;
				CLANG_WARN_INT_CONVERSION = YES;
				CLANG_WARN_NON_LITERAL_NULL_CONVERSION = YES;
				CLANG_WARN_OBJC_IMPLICIT_RETAIN_SELF = YES;
				CLANG_WARN_OBJC_LITERAL_CONVERSION = YES;
				CLANG_WARN_OBJC_ROOT_CLASS = YES_ERROR;
				CLANG_WARN_RANGE_LOOP_ANALYSIS = YES;
				CLANG_WARN_STRICT_PROTOTYPES = YES;
				CLANG_WARN_SUSPICIOUS_MOVE = YES;
				CLANG_WARN_UNGUARDED_AVAILABILITY = YES_AGGRESSIVE;
				CLANG_WARN_UNREACHABLE_CODE = YES;
				CLANG_WARN__DUPLICATE_METHOD_MATCH = YES;
				CODE_SIGN_IDENTITY = "iPhone Developer";
				COPY_PHASE_STRIP = NO;
				DEBUG_INFORMATION_FORMAT = "dwarf-with-dsym";
				ENABLE_NS_ASSERTIONS = NO;
				ENABLE_STRICT_OBJC_MSGSEND = YES;
				GCC_C_LANGUAGE_STANDARD = gnu11;
				GCC_NO_COMMON_BLOCKS = YES;
				GCC_WARN_64_TO_32_BIT_CONVERSION = YES;
				GCC_WARN_ABOUT_RETURN_TYPE = YES_ERROR;
				GCC_WARN_UNDECLARED_SELECTOR = YES;
				GCC_WARN_UNINITIALIZED_AUTOS = YES_AGGRESSIVE;
				GCC_WARN_UNUSED_FUNCTION = YES;
				GCC_WARN_UNUSED_VARIABLE = YES;
				IPHONEOS_DEPLOYMENT_TARGET = 12.2;
				MTL_ENABLE_DEBUG_INFO = NO;
				MTL_FAST_MATH = YES;
				SDKROOT = iphoneos;
				SWIFT_COMPILATION_MODE = wholemodule;
				SWIFT_OPTIMIZATION_LEVEL = "-O";
				VALIDATE_PRODUCT = YES;
			};
			name = Release;
		};
		3165431C22B9A82E0017F7E5 /* Debug */ = {
			isa = XCBuildConfiguration;
			baseConfigurationReference = AFB28FBC551B42DEE2AF392A /* Pods-Locations Client.debug.xcconfig */;
			buildSettings = {
				ASSETCATALOG_COMPILER_APPICON_NAME = AppIcon;
				CODE_SIGN_STYLE = Automatic;
				INFOPLIST_FILE = "Locations Client/Info.plist";
				LD_RUNPATH_SEARCH_PATHS = (
					"$(inherited)",
					"@executable_path/Frameworks",
				);
				PRODUCT_BUNDLE_IDENTIFIER = "premBhanderi.Locations-Client";
				PRODUCT_NAME = "$(TARGET_NAME)";
				SWIFT_VERSION = 5.0;
				TARGETED_DEVICE_FAMILY = "1,2";
			};
			name = Debug;
		};
		3165431D22B9A82E0017F7E5 /* Release */ = {
			isa = XCBuildConfiguration;
			baseConfigurationReference = B24BE2DEE5C584D2D3BF457F /* Pods-Locations Client.release.xcconfig */;
			buildSettings = {
				ASSETCATALOG_COMPILER_APPICON_NAME = AppIcon;
				CODE_SIGN_STYLE = Automatic;
				INFOPLIST_FILE = "Locations Client/Info.plist";
				LD_RUNPATH_SEARCH_PATHS = (
					"$(inherited)",
					"@executable_path/Frameworks",
				);
				PRODUCT_BUNDLE_IDENTIFIER = "premBhanderi.Locations-Client";
				PRODUCT_NAME = "$(TARGET_NAME)";
				SWIFT_VERSION = 5.0;
				TARGETED_DEVICE_FAMILY = "1,2";
			};
			name = Release;
		};
		3165431F22B9A82E0017F7E5 /* Debug */ = {
			isa = XCBuildConfiguration;
			baseConfigurationReference = C74E76D579CC7A04A493DBC2 /* Pods-Locations ClientTests.debug.xcconfig */;
			buildSettings = {
				ALWAYS_EMBED_SWIFT_STANDARD_LIBRARIES = YES;
				BUNDLE_LOADER = "$(TEST_HOST)";
				CODE_SIGN_STYLE = Automatic;
				INFOPLIST_FILE = "Locations ClientTests/Info.plist";
				LD_RUNPATH_SEARCH_PATHS = (
					"$(inherited)",
					"@executable_path/Frameworks",
					"@loader_path/Frameworks",
				);
				PRODUCT_BUNDLE_IDENTIFIER = "premBhanderi.Locations-ClientTests";
				PRODUCT_NAME = "$(TARGET_NAME)";
				SWIFT_VERSION = 5.0;
				TARGETED_DEVICE_FAMILY = "1,2";
				TEST_HOST = "$(BUILT_PRODUCTS_DIR)/Locations Client.app/Locations Client";
			};
			name = Debug;
		};
		3165432022B9A82E0017F7E5 /* Release */ = {
			isa = XCBuildConfiguration;
			baseConfigurationReference = CA3079607A3D727D49EDACC2 /* Pods-Locations ClientTests.release.xcconfig */;
			buildSettings = {
				ALWAYS_EMBED_SWIFT_STANDARD_LIBRARIES = YES;
				BUNDLE_LOADER = "$(TEST_HOST)";
				CODE_SIGN_STYLE = Automatic;
				INFOPLIST_FILE = "Locations ClientTests/Info.plist";
				LD_RUNPATH_SEARCH_PATHS = (
					"$(inherited)",
					"@executable_path/Frameworks",
					"@loader_path/Frameworks",
				);
				PRODUCT_BUNDLE_IDENTIFIER = "premBhanderi.Locations-ClientTests";
				PRODUCT_NAME = "$(TARGET_NAME)";
				SWIFT_VERSION = 5.0;
				TARGETED_DEVICE_FAMILY = "1,2";
				TEST_HOST = "$(BUILT_PRODUCTS_DIR)/Locations Client.app/Locations Client";
			};
			name = Release;
		};
		3165432222B9A82E0017F7E5 /* Debug */ = {
			isa = XCBuildConfiguration;
			baseConfigurationReference = 164F144A524CFF081EA13C7D /* Pods-Locations ClientUITests.debug.xcconfig */;
			buildSettings = {
				ALWAYS_EMBED_SWIFT_STANDARD_LIBRARIES = YES;
				CODE_SIGN_STYLE = Automatic;
				INFOPLIST_FILE = "Locations ClientUITests/Info.plist";
				LD_RUNPATH_SEARCH_PATHS = (
					"$(inherited)",
					"@executable_path/Frameworks",
					"@loader_path/Frameworks",
				);
				PRODUCT_BUNDLE_IDENTIFIER = "premBhanderi.Locations-ClientUITests";
				PRODUCT_NAME = "$(TARGET_NAME)";
				SWIFT_VERSION = 5.0;
				TARGETED_DEVICE_FAMILY = "1,2";
				TEST_TARGET_NAME = "Locations Client";
			};
			name = Debug;
		};
		3165432322B9A82E0017F7E5 /* Release */ = {
			isa = XCBuildConfiguration;
			baseConfigurationReference = 5527BB96BCD79357A094C93B /* Pods-Locations ClientUITests.release.xcconfig */;
			buildSettings = {
				ALWAYS_EMBED_SWIFT_STANDARD_LIBRARIES = YES;
				CODE_SIGN_STYLE = Automatic;
				INFOPLIST_FILE = "Locations ClientUITests/Info.plist";
				LD_RUNPATH_SEARCH_PATHS = (
					"$(inherited)",
					"@executable_path/Frameworks",
					"@loader_path/Frameworks",
				);
				PRODUCT_BUNDLE_IDENTIFIER = "premBhanderi.Locations-ClientUITests";
				PRODUCT_NAME = "$(TARGET_NAME)";
				SWIFT_VERSION = 5.0;
				TARGETED_DEVICE_FAMILY = "1,2";
				TEST_TARGET_NAME = "Locations Client";
			};
			name = Release;
		};
/* End XCBuildConfiguration section */

/* Begin XCConfigurationList section */
		316542EE22B9A82D0017F7E5 /* Build configuration list for PBXProject "Locations Client" */ = {
			isa = XCConfigurationList;
			buildConfigurations = (
				3165431922B9A82E0017F7E5 /* Debug */,
				3165431A22B9A82E0017F7E5 /* Release */,
			);
			defaultConfigurationIsVisible = 0;
			defaultConfigurationName = Release;
		};
		3165431B22B9A82E0017F7E5 /* Build configuration list for PBXNativeTarget "Locations Client" */ = {
			isa = XCConfigurationList;
			buildConfigurations = (
				3165431C22B9A82E0017F7E5 /* Debug */,
				3165431D22B9A82E0017F7E5 /* Release */,
			);
			defaultConfigurationIsVisible = 0;
			defaultConfigurationName = Release;
		};
		3165431E22B9A82E0017F7E5 /* Build configuration list for PBXNativeTarget "Locations ClientTests" */ = {
			isa = XCConfigurationList;
			buildConfigurations = (
				3165431F22B9A82E0017F7E5 /* Debug */,
				3165432022B9A82E0017F7E5 /* Release */,
			);
			defaultConfigurationIsVisible = 0;
			defaultConfigurationName = Release;
		};
		3165432122B9A82E0017F7E5 /* Build configuration list for PBXNativeTarget "Locations ClientUITests" */ = {
			isa = XCConfigurationList;
			buildConfigurations = (
				3165432222B9A82E0017F7E5 /* Debug */,
				3165432322B9A82E0017F7E5 /* Release */,
			);
			defaultConfigurationIsVisible = 0;
			defaultConfigurationName = Release;
		};
/* End XCConfigurationList section */
	};
	rootObject = 316542EB22B9A82D0017F7E5 /* Project object */;
}
